
Microsoft Visual Studio Solution File, Format Version 12.00
# Visual Studio Version 17
VisualStudioVersion = 17.9.34607.119
MinimumVisualStudioVersion = 10.0.40219.1
Project("{FAE04EC0-301F-11D3-BF4B-00C04F79EFBC}") = "2.unite uygulama 1", "2.unite uygulama 1\2.unite uygulama 1.csproj", "{75E58035-6AA9-45D4-9627-73B38EA48C87}"
EndProject
Global
	GlobalSection(SolutionConfigurationPlatforms) = preSolution
		Debug|Any CPU = Debug|Any CPU
		Release|Any CPU = Release|Any CPU
	EndGlobalSection
	GlobalSection(ProjectConfigurationPlatforms) = postSolution
		{75E58035-6AA9-45D4-9627-73B38EA48C87}.Debug|Any CPU.ActiveCfg = Debug|Any CPU
		{75E58035-6AA9-45D4-9627-73B38EA48C87}.Debug|Any CPU.Build.0 = Debug|Any CPU
		{75E58035-6AA9-45D4-9627-73B38EA48C87}.Release|Any CPU.ActiveCfg = Release|Any CPU
		{75E58035-6AA9-45D4-9627-73B38EA48C87}.Release|Any CPU.Build.0 = Release|Any CPU
	EndGlobalSection
	GlobalSection(SolutionProperties) = preSolution
		HideSolutionNode = FALSE
	EndGlobalSection
	GlobalSection(ExtensibilityGlobals) = postSolution
		SolutionGuid = {C6651681-C1E5-4DE9-A6FA-0ED219E9D683}
	EndGlobalSection
EndGlobal
